
Microsoft Visual Studio Solution File, Format Version 12.00
# Visual Studio Version 17
VisualStudioVersion = 17.5.33530.505
MinimumVisualStudioVersion = 10.0.40219.1
Project("{FAE04EC0-301F-11D3-BF4B-00C04F79EFBC}") = "VideoEF", "VideoEF\VideoEF.csproj", "{877D3C03-808A-40DD-847D-4910258FE517}"
EndProject
Global
	GlobalSection(SolutionConfigurationPlatforms) = preSolution
		Debug|Any CPU = Debug|Any CPU
		Release|Any CPU = Release|Any CPU
	EndGlobalSection
	GlobalSection(ProjectConfigurationPlatforms) = postSolution
		{877D3C03-808A-40DD-847D-4910258FE517}.Debug|Any CPU.ActiveCfg = Debug|Any CPU
		{877D3C03-808A-40DD-847D-4910258FE517}.Debug|Any CPU.Build.0 = Debug|Any CPU
		{877D3C03-808A-40DD-847D-4910258FE517}.Release|Any CPU.ActiveCfg = Release|Any CPU
		{877D3C03-808A-40DD-847D-4910258FE517}.Release|Any CPU.Build.0 = Release|Any CPU
	EndGlobalSection
	GlobalSection(SolutionProperties) = preSolution
		HideSolutionNode = FALSE
	EndGlobalSection
	GlobalSection(ExtensibilityGlobals) = postSolution
		SolutionGuid = {D93CC19B-8055-4BE2-9DDF-4AD04674AE0C}
	EndGlobalSection
EndGlobal
